
Microsoft Visual Studio Solution File, Format Version 12.00
# Visual Studio Version 17
VisualStudioVersion = 17.3.32901.215
MinimumVisualStudioVersion = 10.0.40219.1
Project("{FAE04EC0-301F-11D3-BF4B-00C04F79EFBC}") = "DEINT-AdminIES", "DEINT-AdminIES\DEINT-AdminIES.csproj", "{5CA2DDC1-6AD9-4D1E-8D96-7DF0F34A90A3}"
EndProject
Global
	GlobalSection(SolutionConfigurationPlatforms) = preSolution
		Debug|Any CPU = Debug|Any CPU
		Release|Any CPU = Release|Any CPU
	EndGlobalSection
	GlobalSection(ProjectConfigurationPlatforms) = postSolution
		{5CA2DDC1-6AD9-4D1E-8D96-7DF0F34A90A3}.Debug|Any CPU.ActiveCfg = Debug|Any CPU
		{5CA2DDC1-6AD9-4D1E-8D96-7DF0F34A90A3}.Debug|Any CPU.Build.0 = Debug|Any CPU
		{5CA2DDC1-6AD9-4D1E-8D96-7DF0F34A90A3}.Release|Any CPU.ActiveCfg = Release|Any CPU
		{5CA2DDC1-6AD9-4D1E-8D96-7DF0F34A90A3}.Release|Any CPU.Build.0 = Release|Any CPU
	EndGlobalSection
	GlobalSection(SolutionProperties) = preSolution
		HideSolutionNode = FALSE
	EndGlobalSection
	GlobalSection(ExtensibilityGlobals) = postSolution
		SolutionGuid = {A3D3ABD0-8441-4356-BD19-DB5563DDD2A8}
	EndGlobalSection
EndGlobal
